
Microsoft Visual Studio Solution File, Format Version 11.00
# Visual Studio 2010
# SharpDevelop 5.1
Project("{FAE04EC0-301F-11D3-BF4B-00C04F79EFBC}") = "Central de hospital", "Central de hospital.csproj", "{81B15E76-4690-4138-ABBD-4B779EDA6B75}"
EndProject
Project("{FAE04EC0-301F-11D3-BF4B-00C04F79EFBC}") = "Consultoria", "..\Consultoria\Consultoria.csproj", "{BBE8F32C-C159-40B6-9EF5-48841F48FA72}"
EndProject
Global
	GlobalSection(SolutionConfigurationPlatforms) = preSolution
		Debug|Any CPU = Debug|Any CPU
		Release|Any CPU = Release|Any CPU
	EndGlobalSection
	GlobalSection(ProjectConfigurationPlatforms) = postSolution
		{81B15E76-4690-4138-ABBD-4B779EDA6B75}.Debug|Any CPU.ActiveCfg = Debug|Any CPU
		{81B15E76-4690-4138-ABBD-4B779EDA6B75}.Debug|Any CPU.Build.0 = Debug|Any CPU
		{81B15E76-4690-4138-ABBD-4B779EDA6B75}.Release|Any CPU.ActiveCfg = Release|Any CPU
		{81B15E76-4690-4138-ABBD-4B779EDA6B75}.Release|Any CPU.Build.0 = Release|Any CPU
		{BBE8F32C-C159-40B6-9EF5-48841F48FA72}.Debug|Any CPU.ActiveCfg = Debug|Any CPU
		{BBE8F32C-C159-40B6-9EF5-48841F48FA72}.Debug|Any CPU.Build.0 = Debug|Any CPU
		{BBE8F32C-C159-40B6-9EF5-48841F48FA72}.Release|Any CPU.ActiveCfg = Release|Any CPU
		{BBE8F32C-C159-40B6-9EF5-48841F48FA72}.Release|Any CPU.Build.0 = Release|Any CPU
	EndGlobalSection
EndGlobal
